# This file is automatically @generated by Poetry 1.5.1 and should not be changed by hand.

[[package]]
name = "pywebdav3"
version = "0.10.0"
description = "WebDAV library including a standalone server for python 3"
optional = false
python-versions = "*"
files = [
    {file = "PyWebDAV3-0.10.0-py3-none-any.whl", hash = "sha256:870b06fac1b23dcd8922e72a0a9c2b823779ab5a60fe989cf7d839ad6713c242"},
    {file = "PyWebDAV3-0.10.0.tar.gz", hash = "sha256:511ceedb3f5e208e8c557dfb2d1f6cb27f6b2070e4368118bbf3180d9122f9e5"},
]

[package.dependencies]
six = "*"

[[package]]
name = "six"
version = "1.16.0"
description = "Python 2 and 3 compatibility utilities"
optional = false
python-versions = ">=2.7, !=3.0.*, !=3.1.*, !=3.2.*"
files = [
    {file = "six-1.16.0-py2.py3-none-any.whl", hash = "sha256:8abb2f1d86890a2dfb989f9a77cfcfd3e47c2a354b01111771326f8aa26e0254"},
    {file = "six-1.16.0.tar.gz", hash = "sha256:1e61c37477a1626458e36f7b1d82aa5c9b094fa4802892072e49de9c60c4c926"},
]

[metadata]
lock-version = "2.0"
python-versions = "^3.11"
content-hash = "cf4a075549aad9211974b5e91a87fe68c66cb26c22d23cbb9d321aab1598a45c"
